// !$*UTF8*$!
{
	archiveVersion = 1;
	classes = {
	};
	objectVersion = 50;
	objects = {

/* Begin PBXBuildFile section */
		1A229B9424D63949003CAB7B /* Line.swift in Sources */ = {isa = PBXBuildFile; fileRef = 1A229B9324D63949003CAB7B /* Line.swift */; };
		1A37100D24B7D1D200E46EAF /* NetworkCall.swift in Sources */ = {isa = PBXBuildFile; fileRef = 1A37100C24B7D1D100E46EAF /* NetworkCall.swift */; };
		1A8F236024B68586001F4403 /* AppDelegate.swift in Sources */ = {isa = PBXBuildFile; fileRef = 1A8F235F24B68586001F4403 /* AppDelegate.swift */; };
		1A8F236224B68586001F4403 /* ContentView.swift in Sources */ = {isa = PBXBuildFile; fileRef = 1A8F236124B68586001F4403 /* ContentView.swift */; };
		1A8F236424B68588001F4403 /* Assets.xcassets in Resources */ = {isa = PBXBuildFile; fileRef = 1A8F236324B68588001F4403 /* Assets.xcassets */; };
		1A8F236724B68588001F4403 /* Preview Assets.xcassets in Resources */ = {isa = PBXBuildFile; fileRef = 1A8F236624B68588001F4403 /* Preview Assets.xcassets */; };
		1A8F236A24B68588001F4403 /* Main.storyboard in Resources */ = {isa = PBXBuildFile; fileRef = 1A8F236824B68588001F4403 /* Main.storyboard */; };
		1AAD3E6B24E9A29000929E26 /* SourceView.swift in Sources */ = {isa = PBXBuildFile; fileRef = 1AAD3E6A24E9A29000929E26 /* SourceView.swift */; };
		1AC8DD6224BA1B6C005F1206 /* GeminiDocument.swift in Sources */ = {isa = PBXBuildFile; fileRef = 1AC8DD6124BA1B6C005F1206 /* GeminiDocument.swift */; };
/* End PBXBuildFile section */

/* Begin PBXFileReference section */
		1A229B9324D63949003CAB7B /* Line.swift */ = {isa = PBXFileReference; lastKnownFileType = sourcecode.swift; path = Line.swift; sourceTree = "<group>"; };
		1A37100C24B7D1D100E46EAF /* NetworkCall.swift */ = {isa = PBXFileReference; lastKnownFileType = sourcecode.swift; path = NetworkCall.swift; sourceTree = "<group>"; };
		1A8F235C24B68586001F4403 /* Sputnik.app */ = {isa = PBXFileReference; explicitFileType = wrapper.application; includeInIndex = 0; path = Sputnik.app; sourceTree = BUILT_PRODUCTS_DIR; };
		1A8F235F24B68586001F4403 /* AppDelegate.swift */ = {isa = PBXFileReference; lastKnownFileType = sourcecode.swift; path = AppDelegate.swift; sourceTree = "<group>"; };
		1A8F236124B68586001F4403 /* ContentView.swift */ = {isa = PBXFileReference; lastKnownFileType = sourcecode.swift; path = ContentView.swift; sourceTree = "<group>"; };
		1A8F236324B68588001F4403 /* Assets.xcassets */ = {isa = PBXFileReference; lastKnownFileType = folder.assetcatalog; path = Assets.xcassets; sourceTree = "<group>"; };
		1A8F236624B68588001F4403 /* Preview Assets.xcassets */ = {isa = PBXFileReference; lastKnownFileType = folder.assetcatalog; path = "Preview Assets.xcassets"; sourceTree = "<group>"; };
		1A8F236924B68588001F4403 /* Base */ = {isa = PBXFileReference; lastKnownFileType = file.storyboard; name = Base; path = Base.lproj/Main.storyboard; sourceTree = "<group>"; };
		1A8F236B24B68588001F4403 /* Info.plist */ = {isa = PBXFileReference; lastKnownFileType = text.plist.xml; path = Info.plist; sourceTree = "<group>"; };
		1A8F236C24B68588001F4403 /* Sputnik.entitlements */ = {isa = PBXFileReference; lastKnownFileType = text.plist.entitlements; path = Sputnik.entitlements; sourceTree = "<group>"; };
		1AAD3E6A24E9A29000929E26 /* SourceView.swift */ = {isa = PBXFileReference; lastKnownFileType = sourcecode.swift; path = SourceView.swift; sourceTree = "<group>"; };
		1AC8DD6124BA1B6C005F1206 /* GeminiDocument.swift */ = {isa = PBXFileReference; lastKnownFileType = sourcecode.swift; path = GeminiDocument.swift; sourceTree = "<group>"; };
/* End PBXFileReference section */

/* Begin PBXFrameworksBuildPhase section */
		1A8F235924B68586001F4403 /* Frameworks */ = {
			isa = PBXFrameworksBuildPhase;
			buildActionMask = 2147483647;
			files = (
			);
			runOnlyForDeploymentPostprocessing = 0;
		};
/* End PBXFrameworksBuildPhase section */

/* Begin PBXGroup section */
		1A8F235324B68586001F4403 = {
			isa = PBXGroup;
			children = (
				1A8F235E24B68586001F4403 /* Sputnik */,
				1A8F235D24B68586001F4403 /* Products */,
			);
			sourceTree = "<group>";
		};
		1A8F235D24B68586001F4403 /* Products */ = {
			isa = PBXGroup;
			children = (
				1A8F235C24B68586001F4403 /* Sputnik.app */,
			);
			name = Products;
			sourceTree = "<group>";
		};
		1A8F235E24B68586001F4403 /* Sputnik */ = {
			isa = PBXGroup;
			children = (
				1A8F235F24B68586001F4403 /* AppDelegate.swift */,
				1AAD3E6A24E9A29000929E26 /* SourceView.swift */,
				1A8F236124B68586001F4403 /* ContentView.swift */,
				1AC8DD6124BA1B6C005F1206 /* GeminiDocument.swift */,
				1A229B9324D63949003CAB7B /* Line.swift */,
				1A37100C24B7D1D100E46EAF /* NetworkCall.swift */,
				1A8F236324B68588001F4403 /* Assets.xcassets */,
				1A8F236824B68588001F4403 /* Main.storyboard */,
				1A8F236B24B68588001F4403 /* Info.plist */,
				1A8F236C24B68588001F4403 /* Sputnik.entitlements */,
				1A8F236524B68588001F4403 /* Preview Content */,
			);
			path = Sputnik;
			sourceTree = "<group>";
		};
		1A8F236524B68588001F4403 /* Preview Content */ = {
			isa = PBXGroup;
			children = (
				1A8F236624B68588001F4403 /* Preview Assets.xcassets */,
			);
			path = "Preview Content";
			sourceTree = "<group>";
		};
/* End PBXGroup section */

/* Begin PBXNativeTarget section */
		1A8F235B24B68586001F4403 /* Sputnik */ = {
			isa = PBXNativeTarget;
			buildConfigurationList = 1A8F236F24B68588001F4403 /* Build configuration list for PBXNativeTarget "Sputnik" */;
			buildPhases = (
				1A8F235824B68586001F4403 /* Sources */,
				1A8F235924B68586001F4403 /* Frameworks */,
				1A8F235A24B68586001F4403 /* Resources */,
			);
			buildRules = (
			);
			dependencies = (
			);
			name = Sputnik;
			packageProductDependencies = (
			);
			productName = Sputnik;
			productReference = 1A8F235C24B68586001F4403 /* Sputnik.app */;
			productType = "com.apple.product-type.application";
		};
/* End PBXNativeTarget section */

/* Begin PBXProject section */
		1A8F235424B68586001F4403 /* Project object */ = {
			isa = PBXProject;
			attributes = {
				LastSwiftUpdateCheck = 1140;
				LastUpgradeCheck = 1160;
				ORGANIZATIONNAME = "Peter Deal";
				TargetAttributes = {
					1A8F235B24B68586001F4403 = {
						CreatedOnToolsVersion = 11.4.1;
					};
				};
			};
			buildConfigurationList = 1A8F235724B68586001F4403 /* Build configuration list for PBXProject "Sputnik" */;
			compatibilityVersion = "Xcode 9.3";
			developmentRegion = en;
			hasScannedForEncodings = 0;
			knownRegions = (
				en,
				Base,
			);
			mainGroup = 1A8F235324B68586001F4403;
			packageReferences = (
			);
			productRefGroup = 1A8F235D24B68586001F4403 /* Products */;
			projectDirPath = "";
			projectRoot = "";
			targets = (
				1A8F235B24B68586001F4403 /* Sputnik */,
			);
		};
/* End PBXProject section */

/* Begin PBXResourcesBuildPhase section */
		1A8F235A24B68586001F4403 /* Resources */ = {
			isa = PBXResourcesBuildPhase;
			buildActionMask = 2147483647;
			files = (
				1A8F236A24B68588001F4403 /* Main.storyboard in Resources */,
				1A8F236724B68588001F4403 /* Preview Assets.xcassets in Resources */,
				1A8F236424B68588001F4403 /* Assets.xcassets in Resources */,
			);
			runOnlyForDeploymentPostprocessing = 0;
		};
/* End PBXResourcesBuildPhase section */

/* Begin PBXSourcesBuildPhase section */
		1A8F235824B68586001F4403 /* Sources */ = {
			isa = PBXSourcesBuildPhase;
			buildActionMask = 2147483647;
			files = (
				1A8F236224B68586001F4403 /* ContentView.swift in Sources */,
				1A8F236024B68586001F4403 /* AppDelegate.swift in Sources */,
				1A37100D24B7D1D200E46EAF /* NetworkCall.swift in Sources */,
				1AAD3E6B24E9A29000929E26 /* SourceView.swift in Sources */,
				1AC8DD6224BA1B6C005F1206 /* GeminiDocument.swift in Sources */,
				1A229B9424D63949003CAB7B /* Line.swift in Sources */,
			);
			runOnlyForDeploymentPostprocessing = 0;
		};
/* End PBXSourcesBuildPhase section */

/* Begin PBXVariantGroup section */
		1A8F236824B68588001F4403 /* Main.storyboard */ = {
			isa = PBXVariantGroup;
			children = (
				1A8F236924B68588001F4403 /* Base */,
			);
			name = Main.storyboard;
			sourceTree = "<group>";
		};
/* End PBXVariantGroup section */

/* Begin XCBuildConfiguration section */
		1A8F236D24B68588001F4403 /* Debug */ = {
			isa = XCBuildConfiguration;
			buildSettings = {
				ALWAYS_SEARCH_USER_PATHS = NO;
				CLANG_ANALYZER_NONNULL = YES;
				CLANG_ANALYZER_NUMBER_OBJECT_CONVERSION = YES_AGGRESSIVE;
				CLANG_CXX_LANGUAGE_STANDARD = "gnu++14";
				CLANG_CXX_LIBRARY = "libc++";
				CLANG_ENABLE_MODULES = YES;
				CLANG_ENABLE_OBJC_ARC = YES;
				CLANG_ENABLE_OBJC_WEAK = YES;
				CLANG_WARN_BLOCK_CAPTURE_AUTORELEASING = YES;
				CLANG_WARN_BOOL_CONVERSION = YES;
				CLANG_WARN_COMMA = YES;
				CLANG_WARN_CONSTANT_CONVERSION = YES;
				CLANG_WARN_DEPRECATED_OBJC_IMPLEMENTATIONS = YES;
				CLANG_WARN_DIRECT_OBJC_ISA_USAGE = YES_ERROR;
				CLANG_WARN_DOCUMENTATION_COMMENTS = YES;
				CLANG_WARN_EMPTY_BODY = YES;
				CLANG_WARN_ENUM_CONVERSION = YES;
				CLANG_WARN_INFINITE_RECURSION = YES;
				CLANG_WARN_INT_CONVERSION = YES;
				CLANG_WARN_NON_LITERAL_NULL_CONVERSION = YES;
				CLANG_WARN_OBJC_IMPLICIT_RETAIN_SELF = YES;
				CLANG_WARN_OBJC_LITERAL_CONVERSION = YES;
				CLANG_WARN_OBJC_ROOT_CLASS = YES_ERROR;
				CLANG_WARN_RANGE_LOOP_ANALYSIS = YES;
				CLANG_WARN_STRICT_PROTOTYPES = YES;
				CLANG_WARN_SUSPICIOUS_MOVE = YES;
				CLANG_WARN_UNGUARDED_AVAILABILITY = YES_AGGRESSIVE;
				CLANG_WARN_UNREACHABLE_CODE = YES;
				CLANG_WARN__DUPLICATE_METHOD_MATCH = YES;
				COPY_PHASE_STRIP = NO;
				DEBUG_INFORMATION_FORMAT = dwarf;
				ENABLE_STRICT_OBJC_MSGSEND = YES;
				ENABLE_TESTABILITY = YES;
				GCC_C_LANGUAGE_STANDARD = gnu11;
				GCC_DYNAMIC_NO_PIC = NO;
				GCC_NO_COMMON_BLOCKS = YES;
				GCC_OPTIMIZATION_LEVEL = 0;
				GCC_PREPROCESSOR_DEFINITIONS = (
					"DEBUG=1",
					"$(inherited)",
				);
				GCC_WARN_64_TO_32_BIT_CONVERSION = YES;
				GCC_WARN_ABOUT_RETURN_TYPE = YES_ERROR;
				GCC_WARN_UNDECLARED_SELECTOR = YES;
				GCC_WARN_UNINITIALIZED_AUTOS = YES_AGGRESSIVE;
				GCC_WARN_UNUSED_FUNCTION = YES;
				GCC_WARN_UNUSED_VARIABLE = YES;
				MACOSX_DEPLOYMENT_TARGET = 10.15;
				MTL_ENABLE_DEBUG_INFO = INCLUDE_SOURCE;
				MTL_FAST_MATH = YES;
				ONLY_ACTIVE_ARCH = YES;
				SDKROOT = macosx;
				SWIFT_ACTIVE_COMPILATION_CONDITIONS = DEBUG;
				SWIFT_OPTIMIZATION_LEVEL = "-Onone";
			};
			name = Debug;
		};
		1A8F236E24B68588001F4403 /* Release */ = {
			isa = XCBuildConfiguration;
			buildSettings = {
				ALWAYS_SEARCH_USER_PATHS = NO;
				CLANG_ANALYZER_NONNULL = YES;
				CLANG_ANALYZER_NUMBER_OBJECT_CONVERSION = YES_AGGRESSIVE;
				CLANG_CXX_LANGUAGE_STANDARD = "gnu++14";
				CLANG_CXX_LIBRARY = "libc++";
				CLANG_ENABLE_MODULES = YES;
				CLANG_ENABLE_OBJC_ARC = YES;
				CLANG_ENABLE_OBJC_WEAK = YES;
				CLANG_WARN_BLOCK_CAPTURE_AUTORELEASING = YES;
				CLANG_WARN_BOOL_CONVERSION = YES;
				CLANG_WARN_COMMA = YES;
				CLANG_WARN_CONSTANT_CONVERSION = YES;
				CLANG_WARN_DEPRECATED_OBJC_IMPLEMENTATIONS = YES;
				CLANG_WARN_DIRECT_OBJC_ISA_USAGE = YES_ERROR;
				CLANG_WARN_DOCUMENTATION_COMMENTS = YES;
				CLANG_WARN_EMPTY_BODY = YES;
				CLANG_WARN_ENUM_CONVERSION = YES;
				CLANG_WARN_INFINITE_RECURSION = YES;
				CLANG_WARN_INT_CONVERSION = YES;
				CLANG_WARN_NON_LITERAL_NULL_CONVERSION = YES;
				CLANG_WARN_OBJC_IMPLICIT_RETAIN_SELF = YES;
				CLANG_WARN_OBJC_LITERAL_CONVERSION = YES;
				CLANG_WARN_OBJC_ROOT_CLASS = YES_ERROR;
				CLANG_WARN_RANGE_LOOP_ANALYSIS = YES;
				CLANG_WARN_STRICT_PROTOTYPES = YES;
				CLANG_WARN_SUSPICIOUS_MOVE = YES;
				CLANG_WARN_UNGUARDED_AVAILABILITY = YES_AGGRESSIVE;
				CLANG_WARN_UNREACHABLE_CODE = YES;
				CLANG_WARN__DUPLICATE_METHOD_MATCH = YES;
				COPY_PHASE_STRIP = NO;
				DEBUG_INFORMATION_FORMAT = "dwarf-with-dsym";
				ENABLE_NS_ASSERTIONS = NO;
				ENABLE_STRICT_OBJC_MSGSEND = YES;
				GCC_C_LANGUAGE_STANDARD = gnu11;
				GCC_NO_COMMON_BLOCKS = YES;
				GCC_WARN_64_TO_32_BIT_CONVERSION = YES;
				GCC_WARN_ABOUT_RETURN_TYPE = YES_ERROR;
				GCC_WARN_UNDECLARED_SELECTOR = YES;
				GCC_WARN_UNINITIALIZED_AUTOS = YES_AGGRESSIVE;
				GCC_WARN_UNUSED_FUNCTION = YES;
				GCC_WARN_UNUSED_VARIABLE = YES;
				MACOSX_DEPLOYMENT_TARGET = 10.15;
				MTL_ENABLE_DEBUG_INFO = NO;
				MTL_FAST_MATH = YES;
				SDKROOT = macosx;
				SWIFT_COMPILATION_MODE = wholemodule;
				SWIFT_OPTIMIZATION_LEVEL = "-O";
			};
			name = Release;
		};
		1A8F237024B68588001F4403 /* Debug */ = {
			isa = XCBuildConfiguration;
			buildSettings = {
				ASSETCATALOG_COMPILER_APPICON_NAME = AppIcon;
				CODE_SIGN_ENTITLEMENTS = Sputnik/Sputnik.entitlements;
				CODE_SIGN_IDENTITY = "Apple Development";
				CODE_SIGN_STYLE = Automatic;
				COMBINE_HIDPI_IMAGES = YES;
				DEVELOPMENT_ASSET_PATHS = "\"Sputnik/Preview Content\"";
				DEVELOPMENT_TEAM = FY34ZRZW67;
				ENABLE_HARDENED_RUNTIME = YES;
				ENABLE_PREVIEWS = YES;
				INFOPLIST_FILE = Sputnik/Info.plist;
				LD_RUNPATH_SEARCH_PATHS = (
					"$(inherited)",
					"@executable_path/../Frameworks",
				);
				MACOSX_DEPLOYMENT_TARGET = 10.15;
				PRODUCT_BUNDLE_IDENTIFIER = ca.peterdeal.Sputnik;
				PRODUCT_NAME = "$(TARGET_NAME)";
				SWIFT_VERSION = 5.0;
			};
			name = Debug;
		};
		1A8F237124B68588001F4403 /* Release */ = {
			isa = XCBuildConfiguration;
			buildSettings = {
				ASSETCATALOG_COMPILER_APPICON_NAME = AppIcon;
				CODE_SIGN_ENTITLEMENTS = Sputnik/Sputnik.entitlements;
				CODE_SIGN_IDENTITY = "Apple Development";
				CODE_SIGN_STYLE = Automatic;
				COMBINE_HIDPI_IMAGES = YES;
				DEVELOPMENT_ASSET_PATHS = "\"Sputnik/Preview Content\"";
				DEVELOPMENT_TEAM = FY34ZRZW67;
				ENABLE_HARDENED_RUNTIME = YES;
				ENABLE_PREVIEWS = YES;
				INFOPLIST_FILE = Sputnik/Info.plist;
				LD_RUNPATH_SEARCH_PATHS = (
					"$(inherited)",
					"@executable_path/../Frameworks",
				);
				MACOSX_DEPLOYMENT_TARGET = 10.15;
				PRODUCT_BUNDLE_IDENTIFIER = ca.peterdeal.Sputnik;
				PRODUCT_NAME = "$(TARGET_NAME)";
				SWIFT_VERSION = 5.0;
			};
			name = Release;
		};
/* End XCBuildConfiguration section */

/* Begin XCConfigurationList section */
		1A8F235724B68586001F4403 /* Build configuration list for PBXProject "Sputnik" */ = {
			isa = XCConfigurationList;
			buildConfigurations = (
				1A8F236D24B68588001F4403 /* Debug */,
				1A8F236E24B68588001F4403 /* Release */,
			);
			defaultConfigurationIsVisible = 0;
			defaultConfigurationName = Release;
		};
		1A8F236F24B68588001F4403 /* Build configuration list for PBXNativeTarget "Sputnik" */ = {
			isa = XCConfigurationList;
			buildConfigurations = (
				1A8F237024B68588001F4403 /* Debug */,
				1A8F237124B68588001F4403 /* Release */,
			);
			defaultConfigurationIsVisible = 0;
			defaultConfigurationName = Release;
		};
/* End XCConfigurationList section */
	};
	rootObject = 1A8F235424B68586001F4403 /* Project object */;
}
